
Microsoft Visual Studio Solution File, Format Version 12.00
# Visual Studio Version 17
VisualStudioVersion = 17.10.35122.118
MinimumVisualStudioVersion = 10.0.40219.1
Project("{FAE04EC0-301F-11D3-BF4B-00C04F79EFBC}") = "TheWildOasis.API", "TheWildOasis.API\TheWildOasis.API.csproj", "{AC788FEA-55C8-45B9-B97F-4B82A5D82653}"
EndProject
Global
	GlobalSection(SolutionConfigurationPlatforms) = preSolution
		Debug|Any CPU = Debug|Any CPU
		Release|Any CPU = Release|Any CPU
	EndGlobalSection
	GlobalSection(ProjectConfigurationPlatforms) = postSolution
		{AC788FEA-55C8-45B9-B97F-4B82A5D82653}.Debug|Any CPU.ActiveCfg = Debug|Any CPU
		{AC788FEA-55C8-45B9-B97F-4B82A5D82653}.Debug|Any CPU.Build.0 = Debug|Any CPU
		{AC788FEA-55C8-45B9-B97F-4B82A5D82653}.Release|Any CPU.ActiveCfg = Release|Any CPU
		{AC788FEA-55C8-45B9-B97F-4B82A5D82653}.Release|Any CPU.Build.0 = Release|Any CPU
	EndGlobalSection
	GlobalSection(SolutionProperties) = preSolution
		HideSolutionNode = FALSE
	EndGlobalSection
	GlobalSection(ExtensibilityGlobals) = postSolution
		SolutionGuid = {66987836-36E2-418F-8246-48A51A6819B3}
	EndGlobalSection
EndGlobal
